
Microsoft Visual Studio Solution File, Format Version 12.00
# Visual Studio Version 17
VisualStudioVersion = 17.8.34322.80
MinimumVisualStudioVersion = 10.0.40219.1
Project("{FAE04EC0-301F-11D3-BF4B-00C04F79EFBC}") = "VetDirectorySystemPlus", "VetDirectorySystemPlus\VetDirectorySystemPlus.csproj", "{006D38D8-E577-40BA-8D54-DB4770364408}"
EndProject
Global
	GlobalSection(SolutionConfigurationPlatforms) = preSolution
		Debug|Any CPU = Debug|Any CPU
		Release|Any CPU = Release|Any CPU
	EndGlobalSection
	GlobalSection(ProjectConfigurationPlatforms) = postSolution
		{006D38D8-E577-40BA-8D54-DB4770364408}.Debug|Any CPU.ActiveCfg = Debug|Any CPU
		{006D38D8-E577-40BA-8D54-DB4770364408}.Debug|Any CPU.Build.0 = Debug|Any CPU
		{006D38D8-E577-40BA-8D54-DB4770364408}.Release|Any CPU.ActiveCfg = Release|Any CPU
		{006D38D8-E577-40BA-8D54-DB4770364408}.Release|Any CPU.Build.0 = Release|Any CPU
	EndGlobalSection
	GlobalSection(SolutionProperties) = preSolution
		HideSolutionNode = FALSE
	EndGlobalSection
	GlobalSection(ExtensibilityGlobals) = postSolution
		SolutionGuid = {7956E742-E30D-48EC-A7B2-2A091629DC45}
	EndGlobalSection
EndGlobal
